{
  "name": "frontier-example-contract-hello",
  "version": "0.1.0",
  "lockfileVersion": 1,
  "requires": true,
  "dependencies": {
    "@adraffy/ens-normalize": {
      "version": "1.9.2",
      "resolved": "https://registry.npmjs.org/@adraffy/ens-normalize/-/ens-normalize-1.9.2.tgz",
      "integrity": "sha512-0h+FrQDqe2Wn+IIGFkTCd4aAwTJ+7834Ek1COohCyV26AXhwQ7WQaz+4F/nLOeVl/3BtWHOHLPsq46V8YB46Eg=="
    },
    "@ethereumjs/rlp": {
      "version": "4.0.1",
      "resolved": "https://registry.npmjs.org/@ethereumjs/rlp/-/rlp-4.0.1.tgz",
      "integrity": "sha512-tqsQiBQDQdmPWE1xkkBq4rlSW5QZpLOUJ5RJh2/9fug+q9tnUhuZoVLk7s0scUIKTOzEtR72DFBXI4WiZcMpvw=="
    },
    "@ethersproject/abi": {
      "version": "5.7.0",
      "resolved": "https://registry.npmjs.org/@ethersproject/abi/-/abi-5.7.0.tgz",
      "integrity": "sha512-351ktp42TiRcYB3H1OP8yajPeAQstMW/yCFokj/AthP9bLHzQFPlOrxOcwYEDkUAICmOHljvN4K39OMTMUa9RA==",
      "requires": {
        "@ethersproject/address": "^5.7.0",
        "@ethersproject/bignumber": "^5.7.0",
        "@ethersproject/bytes": "^5.7.0",
        "@ethersproject/constants": "^5.7.0",
        "@ethersproject/hash": "^5.7.0",
        "@ethersproject/keccak256": "^5.7.0",
        "@ethersproject/logger": "^5.7.0",
        "@ethersproject/properties": "^5.7.0",
        "@ethersproject/strings": "^5.7.0"
      }
    },
    "@ethersproject/abstract-provider": {
      "version": "5.7.0",
      "resolved": "https://registry.npmjs.org/@ethersproject/abstract-provider/-/abstract-provider-5.7.0.tgz",
      "integrity": "sha512-R41c9UkchKCpAqStMYUpdunjo3pkEvZC3FAwZn5S5MGbXoMQOHIdHItezTETxAO5bevtMApSyEhn9+CHcDsWBw==",
      "requires": {
        "@ethersproject/bignumber": "^5.7.0",
        "@ethersproject/bytes": "^5.7.0",
        "@ethersproject/logger": "^5.7.0",
        "@ethersproject/networks": "^5.7.0",
        "@ethersproject/properties": "^5.7.0",
        "@ethersproject/transactions": "^5.7.0",
        "@ethersproject/web": "^5.7.0"
      }
    },
    "@ethersproject/abstract-signer": {
      "version": "5.7.0",
      "resolved": "https://registry.npmjs.org/@ethersproject/abstract-signer/-/abstract-signer-5.7.0.tgz",
      "integrity": "sha512-a16V8bq1/Cz+TGCkE2OPMTOUDLS3grCpdjoJCYNnVBbdYEMSgKrU0+B90s8b6H+ByYTBZN7a3g76jdIJi7UfKQ==",
      "requires": {
        "@ethersproject/abstract-provider": "^5.7.0",
        "@ethersproject/bignumber": "^5.7.0",
        "@ethersproject/bytes": "^5.7.0",
        "@ethersproject/logger": "^5.7.0",
        "@ethersproject/properties": "^5.7.0"
      }
    },
    "@ethersproject/address": {
      "version": "5.7.0",
      "resolved": "https://registry.npmjs.org/@ethersproject/address/-/address-5.7.0.tgz",
      "integrity": "sha512-9wYhYt7aghVGo758POM5nqcOMaE168Q6aRLJZwUmiqSrAungkG74gSSeKEIR7ukixesdRZGPgVqme6vmxs1fkA==",
      "requires": {
        "@ethersproject/bignumber": "^5.7.0",
        "@ethersproject/bytes": "^5.7.0",
        "@ethersproject/keccak256": "^5.7.0",
        "@ethersproject/logger": "^5.7.0",
        "@ethersproject/rlp": "^5.7.0"
      }
    },
    "@ethersproject/base64": {
      "version": "5.7.0",
      "resolved": "https://registry.npmjs.org/@ethersproject/base64/-/base64-5.7.0.tgz",
      "integrity": "sha512-Dr8tcHt2mEbsZr/mwTPIQAf3Ai0Bks/7gTw9dSqk1mQvhW3XvRlmDJr/4n+wg1JmCl16NZue17CDh8xb/vZ0sQ==",
      "requires": {
        "@ethersproject/bytes": "^5.7.0"
      }
    },
    "@ethersproject/bignumber": {
      "version": "5.7.0",
      "resolved": "https://registry.npmjs.org/@ethersproject/bignumber/-/bignumber-5.7.0.tgz",
      "integrity": "sha512-n1CAdIHRWjSucQO3MC1zPSVgV/6dy/fjL9pMrPP9peL+QxEg9wOsVqwD4+818B6LUEtaXzVHQiuivzRoxPxUGw==",
      "requires": {
        "@ethersproject/bytes": "^5.7.0",
        "@ethersproject/logger": "^5.7.0",
        "bn.js": "^5.2.1"
      }
    },
    "@ethersproject/bytes": {
      "version": "5.7.0",
      "resolved": "https://registry.npmjs.org/@ethersproject/bytes/-/bytes-5.7.0.tgz",
      "integrity": "sha512-nsbxwgFXWh9NyYWo+U8atvmMsSdKJprTcICAkvbBffT75qDocbuggBU0SJiVK2MuTrp0q+xvLkTnGMPK1+uA9A==",
      "requires": {
        "@ethersproject/logger": "^5.7.0"
      }
    },
    "@ethersproject/constants": {
      "version": "5.7.0",
      "resolved": "https://registry.npmjs.org/@ethersproject/constants/-/constants-5.7.0.tgz",
      "integrity": "sha512-DHI+y5dBNvkpYUMiRQyxRBYBefZkJfo70VUkUAsRjcPs47muV9evftfZ0PJVCXYbAiCgght0DtcF9srFQmIgWA==",
      "requires": {
        "@ethersproject/bignumber": "^5.7.0"
      }
    },
    "@ethersproject/hash": {
      "version": "5.7.0",
      "resolved": "https://registry.npmjs.org/@ethersproject/hash/-/hash-5.7.0.tgz",
      "integrity": "sha512-qX5WrQfnah1EFnO5zJv1v46a8HW0+E5xuBBDTwMFZLuVTx0tbU2kkx15NqdjxecrLGatQN9FGQKpb1FKdHCt+g==",
      "requires": {
        "@ethersproject/abstract-signer": "^5.7.0",
        "@ethersproject/address": "^5.7.0",
        "@ethersproject/base64": "^5.7.0",
        "@ethersproject/bignumber": "^5.7.0",
        "@ethersproject/bytes": "^5.7.0",
        "@ethersproject/keccak256": "^5.7.0",
        "@ethersproject/logger": "^5.7.0",
        "@ethersproject/properties": "^5.7.0",
        "@ethersproject/strings": "^5.7.0"
      }
    },
    "@ethersproject/keccak256": {
      "version": "5.7.0",
      "resolved": "https://registry.npmjs.org/@ethersproject/keccak256/-/keccak256-5.7.0.tgz",
      "integrity": "sha512-2UcPboeL/iW+pSg6vZ6ydF8tCnv3Iu/8tUmLLzWWGzxWKFFqOBQFLo6uLUv6BDrLgCDfN28RJ/wtByx+jZ4KBg==",
      "requires": {
        "@ethersproject/bytes": "^5.7.0",
        "js-sha3": "0.8.0"
      }
    },
    "@ethersproject/logger": {
      "version": "5.7.0",
      "resolved": "https://registry.npmjs.org/@ethersproject/logger/-/logger-5.7.0.tgz",
      "integrity": "sha512-0odtFdXu/XHtjQXJYA3u9G0G8btm0ND5Cu8M7i5vhEcE8/HmF4Lbdqanwyv4uQTr2tx6b7fQRmgLrsnpQlmnig=="
    },
    "@ethersproject/networks": {
      "version": "5.7.1",
      "resolved": "https://registry.npmjs.org/@ethersproject/networks/-/networks-5.7.1.tgz",
      "integrity": "sha512-n/MufjFYv3yFcUyfhnXotyDlNdFb7onmkSy8aQERi2PjNcnWQ66xXxa3XlS8nCcA8aJKJjIIMNJTC7tu80GwpQ==",
      "requires": {
        "@ethersproject/logger": "^5.7.0"
      }
    },
    "@ethersproject/properties": {
      "version": "5.7.0",
      "resolved": "https://registry.npmjs.org/@ethersproject/properties/-/properties-5.7.0.tgz",
      "integrity": "sha512-J87jy8suntrAkIZtecpxEPxY//szqr1mlBaYlQ0r4RCaiD2hjheqF9s1LVE8vVuJCXisjIP+JgtK/Do54ej4Sw==",
      "requires": {
        "@ethersproject/logger": "^5.7.0"
      }
    },
    "@ethersproject/rlp": {
      "version": "5.7.0",
      "resolved": "https://registry.npmjs.org/@ethersproject/rlp/-/rlp-5.7.0.tgz",
      "integrity": "sha512-rBxzX2vK8mVF7b0Tol44t5Tb8gomOHkj5guL+HhzQ1yBh/ydjGnpw6at+X6Iw0Kp3OzzzkcKp8N9r0W4kYSs9w==",
      "requires": {
        "@ethersproject/bytes": "^5.7.0",
        "@ethersproject/logger": "^5.7.0"
      }
    },
    "@ethersproject/signing-key": {
      "version": "5.7.0",
      "resolved": "https://registry.npmjs.org/@ethersproject/signing-key/-/signing-key-5.7.0.tgz",
      "integrity": "sha512-MZdy2nL3wO0u7gkB4nA/pEf8lu1TlFswPNmy8AiYkfKTdO6eXBJyUdmHO/ehm/htHw9K/qF8ujnTyUAD+Ry54Q==",
      "requires": {
        "@ethersproject/bytes": "^5.7.0",
        "@ethersproject/logger": "^5.7.0",
        "@ethersproject/properties": "^5.7.0",
        "bn.js": "^5.2.1",
        "elliptic": "6.5.4",
        "hash.js": "1.1.7"
      }
    },
    "@ethersproject/strings": {
      "version": "5.7.0",
      "resolved": "https://registry.npmjs.org/@ethersproject/strings/-/strings-5.7.0.tgz",
      "integrity": "sha512-/9nu+lj0YswRNSH0NXYqrh8775XNyEdUQAuf3f+SmOrnVewcJ5SBNAjF7lpgehKi4abvNNXyf+HX86czCdJ8Mg==",
      "requires": {
        "@ethersproject/bytes": "^5.7.0",
        "@ethersproject/constants": "^5.7.0",
        "@ethersproject/logger": "^5.7.0"
      }
    },
    "@ethersproject/transactions": {
      "version": "5.7.0",
      "resolved": "https://registry.npmjs.org/@ethersproject/transactions/-/transactions-5.7.0.tgz",
      "integrity": "sha512-kmcNicCp1lp8qanMTC3RIikGgoJ80ztTyvtsFvCYpSCfkjhD0jZ2LOrnbcuxuToLIUYYf+4XwD1rP+B/erDIhQ==",
      "requires": {
        "@ethersproject/address": "^5.7.0",
        "@ethersproject/bignumber": "^5.7.0",
        "@ethersproject/bytes": "^5.7.0",
        "@ethersproject/constants": "^5.7.0",
        "@ethersproject/keccak256": "^5.7.0",
        "@ethersproject/logger": "^5.7.0",
        "@ethersproject/properties": "^5.7.0",
        "@ethersproject/rlp": "^5.7.0",
        "@ethersproject/signing-key": "^5.7.0"
      }
    },
    "@ethersproject/web": {
      "version": "5.7.1",
      "resolved": "https://registry.npmjs.org/@ethersproject/web/-/web-5.7.1.tgz",
      "integrity": "sha512-Gueu8lSvyjBWL4cYsWsjh6MtMwM0+H4HvqFPZfB6dV8ctbP9zFAO73VG1cMWae0FLPCtz0peKPpZY8/ugJJX2w==",
      "requires": {
        "@ethersproject/base64": "^5.7.0",
        "@ethersproject/bytes": "^5.7.0",
        "@ethersproject/logger": "^5.7.0",
        "@ethersproject/properties": "^5.7.0",
        "@ethersproject/strings": "^5.7.0"
      }
    },
    "@noble/curves": {
      "version": "1.0.0",
      "resolved": "https://registry.npmjs.org/@noble/curves/-/curves-1.0.0.tgz",
      "integrity": "sha512-2upgEu0iLiDVDZkNLeFV2+ht0BAVgQnEmCk6JsOch9Rp8xfkMCbvbAZlA2pBHQc73dbl+vFOXfqkf4uemdn0bw==",
      "requires": {
        "@noble/hashes": "1.3.0"
      }
    },
    "@noble/hashes": {
      "version": "1.3.0",
      "resolved": "https://registry.npmjs.org/@noble/hashes/-/hashes-1.3.0.tgz",
      "integrity": "sha512-ilHEACi9DwqJB0pw7kv+Apvh50jiiSyR/cQ3y4W7lOR5mhvn/50FLUfsnfJz0BDZtl/RR16kXvptiv6q1msYZg=="
    },
    "@scure/base": {
      "version": "1.1.1",
      "resolved": "https://registry.npmjs.org/@scure/base/-/base-1.1.1.tgz",
      "integrity": "sha512-ZxOhsSyxYwLJj3pLZCefNitxsj093tb2vq90mp2txoYeBqbcjDjqFhyM8eUjq/uFm6zJ+mUuqxlS2FkuSY1MTA=="
    },
    "@scure/bip32": {
      "version": "1.3.0",
      "resolved": "https://registry.npmjs.org/@scure/bip32/-/bip32-1.3.0.tgz",
      "integrity": "sha512-bcKpo1oj54hGholplGLpqPHRbIsnbixFtc06nwuNM5/dwSXOq/AAYoIBRsBmnZJSdfeNW5rnff7NTAz3ZCqR9Q==",
      "requires": {
        "@noble/curves": "~1.0.0",
        "@noble/hashes": "~1.3.0",
        "@scure/base": "~1.1.0"
      }
    },
    "@scure/bip39": {
      "version": "1.2.0",
      "resolved": "https://registry.npmjs.org/@scure/bip39/-/bip39-1.2.0.tgz",
      "integrity": "sha512-SX/uKq52cuxm4YFXWFaVByaSHJh2w3BnokVSeUJVCv6K7WulT9u2BuNRBhuFl8vAuYnzx9bEu9WgpcNYTrYieg==",
      "requires": {
        "@noble/hashes": "~1.3.0",
        "@scure/base": "~1.1.0"
      }
    },
    "@types/node": {
      "version": "20.4.1",
      "resolved": "https://registry.npmjs.org/@types/node/-/node-20.4.1.tgz",
      "integrity": "sha512-JIzsAvJeA/5iY6Y/OxZbv1lUcc8dNSE77lb2gnBH+/PJ3lFR1Ccvgwl5JWnHAkNHcRsT0TbpVOsiMKZ1F/yyJg=="
    },
    "@types/ws": {
      "version": "8.5.5",
      "resolved": "https://registry.npmjs.org/@types/ws/-/ws-8.5.5.tgz",
      "integrity": "sha512-lwhs8hktwxSjf9UaZ9tG5M03PGogvFaH8gUgLNbN9HKIg0dvv6q+gkSuJ8HN4/VbyxkuLzCjlN7GquQ0gUJfIg==",
      "requires": {
        "@types/node": "*"
      }
    },
    "available-typed-arrays": {
      "version": "1.0.5",
      "resolved": "https://registry.npmjs.org/available-typed-arrays/-/available-typed-arrays-1.0.5.tgz",
      "integrity": "sha512-DMD0KiN46eipeziST1LPP/STfDU0sufISXmjSgvVsoU2tqxctQeASejWcfNtxYKqETM1UxQ8sp2OrSBWpHY6sw=="
    },
    "bn.js": {
      "version": "5.2.1",
      "resolved": "https://registry.npmjs.org/bn.js/-/bn.js-5.2.1.tgz",
      "integrity": "sha512-eXRvHzWyYPBuB4NBy0cmYQjGitUrtqwbvlzP3G6VFnNRbsZQIxQ10PbKKHt8gZ/HW/D/747aDl+QkDqg3KQLMQ=="
    },
    "brorand": {
      "version": "1.1.0",
      "resolved": "https://registry.npmjs.org/brorand/-/brorand-1.1.0.tgz",
      "integrity": "sha512-cKV8tMCEpQs4hK/ik71d6LrPOnpkpGBR0wzxqr68g2m/LB2GxVYQroAjMJZRVM1Y4BCjCKc3vAamxSzOY2RP+w=="
    },
    "call-bind": {
      "version": "1.0.2",
      "resolved": "https://registry.npmjs.org/call-bind/-/call-bind-1.0.2.tgz",
      "integrity": "sha512-7O+FbCihrB5WGbFYesctwmTKae6rOiIzmz1icreWJ+0aA7LJfuqhEso2T9ncpcFtzMQtzXf2QGGueWJGTYsqrA==",
      "requires": {
        "function-bind": "^1.1.1",
        "get-intrinsic": "^1.0.2"
      }
    },
    "crc-32": {
      "version": "1.2.2",
      "resolved": "https://registry.npmjs.org/crc-32/-/crc-32-1.2.2.tgz",
      "integrity": "sha512-ROmzCKrTnOwybPcJApAA6WBWij23HVfGVNKqqrZpuyZOHqK2CwHSvpGuyt/UNNvaIjEd8X5IFGp4Mh+Ie1IHJQ=="
    },
    "cross-fetch": {
      "version": "3.1.8",
      "resolved": "https://registry.npmjs.org/cross-fetch/-/cross-fetch-3.1.8.tgz",
      "integrity": "sha512-cvA+JwZoU0Xq+h6WkMvAUqPEYy92Obet6UdKLfW60qn99ftItKjB5T+BkyWOFWe2pUyfQ+IJHmpOTznqk1M6Kg==",
      "requires": {
        "node-fetch": "^2.6.12"
      }
    },
    "elliptic": {
      "version": "6.5.4",
      "resolved": "https://registry.npmjs.org/elliptic/-/elliptic-6.5.4.tgz",
      "integrity": "sha512-iLhC6ULemrljPZb+QutR5TQGB+pdW6KGD5RSegS+8sorOZT+rdQFbsQFJgvN3eRqNALqJer4oQ16YvJHlU8hzQ==",
      "requires": {
        "bn.js": "^4.11.9",
        "brorand": "^1.1.0",
        "hash.js": "^1.0.0",
        "hmac-drbg": "^1.0.1",
        "inherits": "^2.0.4",
        "minimalistic-assert": "^1.0.1",
        "minimalistic-crypto-utils": "^1.0.1"
      },
      "dependencies": {
        "bn.js": {
          "version": "4.12.0",
          "resolved": "https://registry.npmjs.org/bn.js/-/bn.js-4.12.0.tgz",
          "integrity": "sha512-c98Bf3tPniI+scsdk237ku1Dc3ujXQTSgyiPUDEOe7tRkhrqridvh8klBv0HCEso1OLOYcHuCv/cS6DNxKH+ZA=="
        }
      }
    },
    "ethereum-cryptography": {
      "version": "2.0.0",
      "resolved": "https://registry.npmjs.org/ethereum-cryptography/-/ethereum-cryptography-2.0.0.tgz",
      "integrity": "sha512-g25m4EtfQGjstWgVE1aIz7XYYjf3kH5kG17ULWVB5dH6uLahsoltOhACzSxyDV+fhn4gbR4xRrOXGe6r2uh4Bg==",
      "requires": {
        "@noble/curves": "1.0.0",
        "@noble/hashes": "1.3.0",
        "@scure/bip32": "1.3.0",
        "@scure/bip39": "1.2.0"
      }
    },
    "eventemitter3": {
      "version": "5.0.1",
      "resolved": "https://registry.npmjs.org/eventemitter3/-/eventemitter3-5.0.1.tgz",
      "integrity": "sha512-GWkBvjiSZK87ELrYOSESUYeVIc9mvLLf/nXalMOS5dYrgZq9o5OVkbZAVM06CVxYsCwH9BDZFPlQTlPA1j4ahA=="
    },
    "for-each": {
      "version": "0.3.3",
      "resolved": "https://registry.npmjs.org/for-each/-/for-each-0.3.3.tgz",
      "integrity": "sha512-jqYfLp7mo9vIyQf8ykW2v7A+2N4QjeCeI5+Dz9XraiO1ign81wjiH7Fb9vSOWvQfNtmSa4H2RoQTrrXivdUZmw==",
      "requires": {
        "is-callable": "^1.1.3"
      }
    },
    "function-bind": {
      "version": "1.1.1",
      "resolved": "https://registry.npmjs.org/function-bind/-/function-bind-1.1.1.tgz",
      "integrity": "sha512-yIovAzMX49sF8Yl58fSCWJ5svSLuaibPxXQJFLmBObTuCr0Mf1KiPopGM9NiFjiYBCbfaa2Fh6breQ6ANVTI0A=="
    },
    "generate-function": {
      "version": "2.3.1",
      "resolved": "https://registry.npmjs.org/generate-function/-/generate-function-2.3.1.tgz",
      "integrity": "sha512-eeB5GfMNeevm/GRYq20ShmsaGcmI81kIX2K9XQx5miC8KdHaC6Jm0qQ8ZNeGOi7wYB8OsdxKs+Y2oVuTFuVwKQ==",
      "requires": {
        "is-property": "^1.0.2"
      }
    },
    "generate-object-property": {
      "version": "1.2.0",
      "resolved": "https://registry.npmjs.org/generate-object-property/-/generate-object-property-1.2.0.tgz",
      "integrity": "sha512-TuOwZWgJ2VAMEGJvAyPWvpqxSANF0LDpmyHauMjFYzaACvn+QTT/AZomvPCzVBV7yDN3OmwHQ5OvHaeLKre3JQ==",
      "requires": {
        "is-property": "^1.0.0"
      }
    },
    "get-intrinsic": {
      "version": "1.2.1",
      "resolved": "https://registry.npmjs.org/get-intrinsic/-/get-intrinsic-1.2.1.tgz",
      "integrity": "sha512-2DcsyfABl+gVHEfCOaTrWgyt+tb6MSEGmKq+kI5HwLbIYgjgmMcV8KQ41uaKz1xxUcn9tJtgFbQUEVcEbd0FYw==",
      "requires": {
        "function-bind": "^1.1.1",
        "has": "^1.0.3",
        "has-proto": "^1.0.1",
        "has-symbols": "^1.0.3"
      }
    },
    "gopd": {
      "version": "1.0.1",
      "resolved": "https://registry.npmjs.org/gopd/-/gopd-1.0.1.tgz",
      "integrity": "sha512-d65bNlIadxvpb/A2abVdlqKqV563juRnZ1Wtk6s1sIR8uNsXR70xqIzVqxVf1eTqDunwT2MkczEeaezCKTZhwA==",
      "requires": {
        "get-intrinsic": "^1.1.3"
      }
    },
    "has": {
      "version": "1.0.3",
      "resolved": "https://registry.npmjs.org/has/-/has-1.0.3.tgz",
      "integrity": "sha512-f2dvO0VU6Oej7RkWJGrehjbzMAjFp5/VKPp5tTpWIV4JHHZK1/BxbFRtf/siA2SWTe09caDmVtYYzWEIbBS4zw==",
      "requires": {
        "function-bind": "^1.1.1"
      }
    },
    "has-proto": {
      "version": "1.0.1",
      "resolved": "https://registry.npmjs.org/has-proto/-/has-proto-1.0.1.tgz",
      "integrity": "sha512-7qE+iP+O+bgF9clE5+UoBFzE65mlBiVj3tKCrlNQ0Ogwm0BjpT/gK4SlLYDMybDh5I3TCTKnPPa0oMG7JDYrhg=="
    },
    "has-symbols": {
      "version": "1.0.3",
      "resolved": "https://registry.npmjs.org/has-symbols/-/has-symbols-1.0.3.tgz",
      "integrity": "sha512-l3LCuF6MgDNwTDKkdYGEihYjt5pRPbEg46rtlmnSPlUbgmB8LOIrKJbYYFBSbnPaJexMKtiPO8hmeRjRz2Td+A=="
    },
    "has-tostringtag": {
      "version": "1.0.0",
      "resolved": "https://registry.npmjs.org/has-tostringtag/-/has-tostringtag-1.0.0.tgz",
      "integrity": "sha512-kFjcSNhnlGV1kyoGk7OXKSawH5JOb/LzUc5w9B02hOTO0dfFRjbHQKvg1d6cf3HbeUmtU9VbbV3qzZ2Teh97WQ==",
      "requires": {
        "has-symbols": "^1.0.2"
      }
    },
    "hash.js": {
      "version": "1.1.7",
      "resolved": "https://registry.npmjs.org/hash.js/-/hash.js-1.1.7.tgz",
      "integrity": "sha512-taOaskGt4z4SOANNseOviYDvjEJinIkRgmp7LbKP2YTTmVxWBl87s/uzK9r+44BclBSp2X7K1hqeNfz9JbBeXA==",
      "requires": {
        "inherits": "^2.0.3",
        "minimalistic-assert": "^1.0.1"
      }
    },
    "hmac-drbg": {
      "version": "1.0.1",
      "resolved": "https://registry.npmjs.org/hmac-drbg/-/hmac-drbg-1.0.1.tgz",
      "integrity": "sha512-Tti3gMqLdZfhOQY1Mzf/AanLiqh1WTiJgEj26ZuYQ9fbkLomzGchCws4FyrSd4VkpBfiNhaE1On+lOz894jvXg==",
      "requires": {
        "hash.js": "^1.0.3",
        "minimalistic-assert": "^1.0.0",
        "minimalistic-crypto-utils": "^1.0.1"
      }
    },
    "inherits": {
      "version": "2.0.4",
      "resolved": "https://registry.npmjs.org/inherits/-/inherits-2.0.4.tgz",
      "integrity": "sha512-k/vGaX4/Yla3WzyMCvTQOXYeIHvqOKtnqBduzTHpzpQZzAskKMhZ2K+EnBiSM9zGSoIFeMpXKxa4dYeZIQqewQ=="
    },
    "is-arguments": {
      "version": "1.1.1",
      "resolved": "https://registry.npmjs.org/is-arguments/-/is-arguments-1.1.1.tgz",
      "integrity": "sha512-8Q7EARjzEnKpt/PCD7e1cgUS0a6X8u5tdSiMqXhojOdoV9TsMsiO+9VLC5vAmO8N7/GmXn7yjR8qnA6bVAEzfA==",
      "requires": {
        "call-bind": "^1.0.2",
        "has-tostringtag": "^1.0.0"
      }
    },
    "is-callable": {
      "version": "1.2.7",
      "resolved": "https://registry.npmjs.org/is-callable/-/is-callable-1.2.7.tgz",
      "integrity": "sha512-1BC0BVFhS/p0qtw6enp8e+8OD0UrK0oFLztSjNzhcKA3WDuJxxAPXzPuPtKkjEY9UUoEWlX/8fgKeu2S8i9JTA=="
    },
    "is-generator-function": {
      "version": "1.0.10",
      "resolved": "https://registry.npmjs.org/is-generator-function/-/is-generator-function-1.0.10.tgz",
      "integrity": "sha512-jsEjy9l3yiXEQ+PsXdmBwEPcOxaXWLspKdplFUVI9vq1iZgIekeC0L167qeu86czQaxed3q/Uzuw0swL0irL8A==",
      "requires": {
        "has-tostringtag": "^1.0.0"
      }
    },
    "is-my-ip-valid": {
      "version": "1.0.1",
      "resolved": "https://registry.npmjs.org/is-my-ip-valid/-/is-my-ip-valid-1.0.1.tgz",
      "integrity": "sha512-jxc8cBcOWbNK2i2aTkCZP6i7wkHF1bqKFrwEHuN5Jtg5BSaZHUZQ/JTOJwoV41YvHnOaRyWWh72T/KvfNz9DJg=="
    },
    "is-my-json-valid": {
      "version": "2.20.6",
      "resolved": "https://registry.npmjs.org/is-my-json-valid/-/is-my-json-valid-2.20.6.tgz",
      "integrity": "sha512-1JQwulVNjx8UqkPE/bqDaxtH4PXCe/2VRh/y3p99heOV87HG4Id5/VfDswd+YiAfHcRTfDlWgISycnHuhZq1aw==",
      "requires": {
        "generate-function": "^2.0.0",
        "generate-object-property": "^1.1.0",
        "is-my-ip-valid": "^1.0.0",
        "jsonpointer": "^5.0.0",
        "xtend": "^4.0.0"
      }
    },
    "is-property": {
      "version": "1.0.2",
      "resolved": "https://registry.npmjs.org/is-property/-/is-property-1.0.2.tgz",
      "integrity": "sha512-Ks/IoX00TtClbGQr4TWXemAnktAQvYB7HzcCxDGqEZU6oCmb2INHuOoKxbtR+HFkmYWBKv/dOZtGRiAjDhj92g=="
    },
    "is-typed-array": {
      "version": "1.1.10",
      "resolved": "https://registry.npmjs.org/is-typed-array/-/is-typed-array-1.1.10.tgz",
      "integrity": "sha512-PJqgEHiWZvMpaFZ3uTc8kHPM4+4ADTlDniuQL7cU/UDA0Ql7F70yGfHph3cLNe+c9toaigv+DFzTJKhc2CtO6A==",
      "requires": {
        "available-typed-arrays": "^1.0.5",
        "call-bind": "^1.0.2",
        "for-each": "^0.3.3",
        "gopd": "^1.0.1",
        "has-tostringtag": "^1.0.0"
      }
    },
    "isomorphic-ws": {
      "version": "5.0.0",
      "resolved": "https://registry.npmjs.org/isomorphic-ws/-/isomorphic-ws-5.0.0.tgz",
      "integrity": "sha512-muId7Zzn9ywDsyXgTIafTry2sV3nySZeUDe6YedVd1Hvuuep5AsIlqK+XefWpYTyJG5e503F2xIuT2lcU6rCSw=="
    },
    "js-sha3": {
      "version": "0.8.0",
      "resolved": "https://registry.npmjs.org/js-sha3/-/js-sha3-0.8.0.tgz",
      "integrity": "sha512-gF1cRrHhIzNfToc802P800N8PpXS+evLLXfsVpowqmAFR9uwbi89WvXg2QspOmXL8QL86J4T1EpFu+yUkwJY3Q=="
    },
    "jsonpointer": {
      "version": "5.0.1",
      "resolved": "https://registry.npmjs.org/jsonpointer/-/jsonpointer-5.0.1.tgz",
      "integrity": "sha512-p/nXbhSEcu3pZRdkW1OfJhpsVtW1gd4Wa1fnQc9YLiTfAjn0312eMKimbdIQzuZl9aa9xUGaRlP9T/CJE/ditQ=="
    },
    "minimalistic-assert": {
      "version": "1.0.1",
      "resolved": "https://registry.npmjs.org/minimalistic-assert/-/minimalistic-assert-1.0.1.tgz",
      "integrity": "sha512-UtJcAD4yEaGtjPezWuO9wC4nwUnVH/8/Im3yEHQP4b67cXlD/Qr9hdITCU1xDbSEXg2XKNaP8jsReV7vQd00/A=="
    },
    "minimalistic-crypto-utils": {
      "version": "1.0.1",
      "resolved": "https://registry.npmjs.org/minimalistic-crypto-utils/-/minimalistic-crypto-utils-1.0.1.tgz",
      "integrity": "sha512-JIYlbt6g8i5jKfJ3xz7rF0LXmv2TkDxBLUkiBeZ7bAx4GnnNMr8xFpGnOxn6GhTEHx3SjRrZEoU+j04prX1ktg=="
    },
    "node-fetch": {
      "version": "2.6.12",
      "resolved": "https://registry.npmjs.org/node-fetch/-/node-fetch-2.6.12.tgz",
      "integrity": "sha512-C/fGU2E8ToujUivIO0H+tpQ6HWo4eEmchoPIoXtxCrVghxdKq+QOHqEZW7tuP3KlV3bC8FRMO5nMCC7Zm1VP6g==",
      "requires": {
        "whatwg-url": "^5.0.0"
      }
    },
    "setimmediate": {
      "version": "1.0.5",
      "resolved": "https://registry.npmjs.org/setimmediate/-/setimmediate-1.0.5.tgz",
      "integrity": "sha512-MATJdZp8sLqDl/68LfQmbP8zKPLQNV6BIZoIgrscFDQ+RsvK/BxeDQOgyxKKoh0y/8h3BqVFnCqQ/gd+reiIXA=="
    },
    "tr46": {
      "version": "0.0.3",
      "resolved": "https://registry.npmjs.org/tr46/-/tr46-0.0.3.tgz",
      "integrity": "sha512-N3WMsuqV66lT30CrXNbEjx4GEwlow3v6rr4mCcv6prnfwhS01rkgyFdjPNBYd9br7LpXV1+Emh01fHnq2Gdgrw=="
    },
    "util": {
      "version": "0.12.5",
      "resolved": "https://registry.npmjs.org/util/-/util-0.12.5.tgz",
      "integrity": "sha512-kZf/K6hEIrWHI6XqOFUiiMa+79wE/D8Q+NCNAWclkyg3b4d2k7s0QGepNjiABc+aR3N1PAyHL7p6UcLY6LmrnA==",
      "requires": {
        "inherits": "^2.0.3",
        "is-arguments": "^1.0.4",
        "is-generator-function": "^1.0.7",
        "is-typed-array": "^1.1.3",
        "which-typed-array": "^1.1.2"
      }
    },
    "web3": {
      "version": "4.0.2",
      "resolved": "https://registry.npmjs.org/web3/-/web3-4.0.2.tgz",
      "integrity": "sha512-3csKaFoC2BiHC/f72ynkjl4Thug7O7ojhkg2edgOFs7waBz7gGYqOgxrxV9EgERPlDRlmrppbJmGpdLPV+V8tA==",
      "requires": {
        "web3-core": "^4.0.2",
        "web3-errors": "^1.0.1",
        "web3-eth": "^4.0.2",
        "web3-eth-abi": "^4.0.2",
        "web3-eth-accounts": "^4.0.2",
        "web3-eth-contract": "^4.0.2",
        "web3-eth-ens": "^4.0.2",
        "web3-eth-iban": "^4.0.2",
        "web3-eth-personal": "^4.0.2",
        "web3-net": "^4.0.2",
        "web3-providers-http": "^4.0.2",
        "web3-providers-ws": "^4.0.2",
        "web3-rpc-methods": "^1.0.1",
        "web3-types": "^1.0.1",
        "web3-utils": "^4.0.2",
        "web3-validator": "^1.0.1"
      }
    },
    "web3-core": {
      "version": "4.0.2",
      "resolved": "https://registry.npmjs.org/web3-core/-/web3-core-4.0.2.tgz",
      "integrity": "sha512-z6RhfTzlIc/Cc6J61cclwCAdQDRlWBe30pEHxl4pc4drP6UqIF0IJE7dwq7iMPxFOqhlnvMC6dXcg4EPijG3Ag==",
      "requires": {
        "web3-errors": "^1.0.1",
        "web3-eth-iban": "^4.0.2",
        "web3-providers-http": "^4.0.2",
        "web3-providers-ipc": "^4.0.2",
        "web3-providers-ws": "^4.0.2",
        "web3-types": "^1.0.1",
        "web3-utils": "^4.0.2",
        "web3-validator": "^1.0.1"
      }
    },
    "web3-errors": {
      "version": "1.0.1",
      "resolved": "https://registry.npmjs.org/web3-errors/-/web3-errors-1.0.1.tgz",
      "integrity": "sha512-ohSr2aZALaTLgdTY2E3//1a1xSvXpe+GsFRJpPgDFv2Ch5Hnva6/bJtieitPIstND0DHHVBwtR/qHGxX2rMY4A==",
      "requires": {
        "web3-types": "^1.0.1"
      }
    },
    "web3-eth": {
      "version": "4.0.2",
      "resolved": "https://registry.npmjs.org/web3-eth/-/web3-eth-4.0.2.tgz",
      "integrity": "sha512-Y4/pzxUbO5H05ebOnV3qaNqUhBbCx0AHFPIAKFlwHT1ru6E3/yH1yPRYG8bKw2AEYWRZT4C9t4Rl5x8BGUV8Mg==",
      "requires": {
        "setimmediate": "^1.0.5",
        "web3-core": "^4.0.2",
        "web3-errors": "^1.0.1",
        "web3-eth-abi": "^4.0.2",
        "web3-eth-accounts": "^4.0.2",
        "web3-net": "^4.0.2",
        "web3-providers-ws": "^4.0.2",
        "web3-rpc-methods": "^1.0.1",
        "web3-types": "^1.0.1",
        "web3-utils": "^4.0.2",
        "web3-validator": "^1.0.1"
      }
    },
    "web3-eth-abi": {
      "version": "4.0.2",
      "resolved": "https://registry.npmjs.org/web3-eth-abi/-/web3-eth-abi-4.0.2.tgz",
      "integrity": "sha512-XQUiX9JkwpvV5fyASyfLIDQwdhzB7QOfGaL6FKzAcqB3wqR/gVkj9tTeIcvsSXA7oqkS2rNtpBGmoA9dpjhxUQ==",
      "requires": {
        "@ethersproject/abi": "^5.7.0",
        "@ethersproject/bignumber": "^5.7.0",
        "web3-errors": "^1.0.1",
        "web3-types": "^1.0.1",
        "web3-utils": "^4.0.2"
      }
    },
    "web3-eth-accounts": {
      "version": "4.0.2",
      "resolved": "https://registry.npmjs.org/web3-eth-accounts/-/web3-eth-accounts-4.0.2.tgz",
      "integrity": "sha512-lKNTnDsYK8umrLyJok2jKtmRlGtoxTaK5sbCbB+fH+wnSy84mtySopTPlF5mu9TqhR/CJzakHvWUE0D8chtLUQ==",
      "requires": {
        "@ethereumjs/rlp": "^4.0.1",
        "crc-32": "^1.2.2",
        "ethereum-cryptography": "^2.0.0",
        "web3-errors": "^1.0.1",
        "web3-types": "^1.0.1",
        "web3-utils": "^4.0.2",
        "web3-validator": "^1.0.1"
      }
    },
    "web3-eth-contract": {
      "version": "4.0.2",
      "resolved": "https://registry.npmjs.org/web3-eth-contract/-/web3-eth-contract-4.0.2.tgz",
      "integrity": "sha512-8H29vMQ00TujIh7DJJHchUYp9lftMfk3faB2+1c/an9UeI8kOYZ79uihhe7ajn8vmM/l6zu0uvtOUqXWzqeRJw==",
      "requires": {
        "web3-core": "^4.0.2",
        "web3-errors": "^1.0.1",
        "web3-eth": "^4.0.2",
        "web3-eth-abi": "^4.0.2",
        "web3-types": "^1.0.1",
        "web3-utils": "^4.0.2",
        "web3-validator": "^1.0.1"
      }
    },
    "web3-eth-ens": {
      "version": "4.0.2",
      "resolved": "https://registry.npmjs.org/web3-eth-ens/-/web3-eth-ens-4.0.2.tgz",
      "integrity": "sha512-5yzu2nBJFtGVAFfduPmwpMBeKm0Lm0JIe8NUfGq83c4Gwy6bps1T8eg4EU2nIESjuQLo/G0EcgAXVfXpfxoIEA==",
      "requires": {
        "@adraffy/ens-normalize": "^1.8.8",
        "web3-core": "^4.0.2",
        "web3-errors": "^1.0.1",
        "web3-eth": "^4.0.2",
        "web3-eth-contract": "^4.0.2",
        "web3-net": "^4.0.2",
        "web3-types": "^1.0.1",
        "web3-utils": "^4.0.2",
        "web3-validator": "^1.0.1"
      }
    },
    "web3-eth-iban": {
      "version": "4.0.2",
      "resolved": "https://registry.npmjs.org/web3-eth-iban/-/web3-eth-iban-4.0.2.tgz",
      "integrity": "sha512-t8cx41CBDdZipxqx0fchQEuIknOzWBXxc5F8bqx6/hzfJ/j/L3brYKFh0tRlXLf03NjOWHqD7orqaOX4Z6gGVA==",
      "requires": {
        "web3-errors": "^1.0.1",
        "web3-types": "^1.0.1",
        "web3-utils": "^4.0.2",
        "web3-validator": "^1.0.1"
      }
    },
    "web3-eth-personal": {
      "version": "4.0.2",
      "resolved": "https://registry.npmjs.org/web3-eth-personal/-/web3-eth-personal-4.0.2.tgz",
      "integrity": "sha512-61H6oqQ7R/J+MZuijwutOFRZQFg+2aE0gNVL/QypstfbEMDhZGoEnebKX1Nf4uFMzJ/C1taArYwoyzUOrCOjCQ==",
      "requires": {
        "web3-core": "^4.0.2",
        "web3-eth": "^4.0.2",
        "web3-rpc-methods": "^1.0.1",
        "web3-types": "^1.0.1",
        "web3-utils": "^4.0.2",
        "web3-validator": "^1.0.1"
      }
    },
    "web3-net": {
      "version": "4.0.2",
      "resolved": "https://registry.npmjs.org/web3-net/-/web3-net-4.0.2.tgz",
      "integrity": "sha512-rA2UW2zYaMDOwf/psRBsF8sY3Lye5oY2Gt7HMXMyrU00I7FGml0F4Gf3ieNvVZRkJ1TrsCh+S7plJ94nJtA/Bw==",
      "requires": {
        "web3-core": "^4.0.2",
        "web3-rpc-methods": "^1.0.1",
        "web3-types": "^1.0.1",
        "web3-utils": "^4.0.2"
      }
    },
    "web3-providers-http": {
      "version": "4.0.2",
      "resolved": "https://registry.npmjs.org/web3-providers-http/-/web3-providers-http-4.0.2.tgz",
      "integrity": "sha512-OP025gFlo2j26f0bOmjKufpTv2eLlnyl2IjoaP2NZ87O7f1h9QEpBV+idPy1onqo46Ie+ellvbKon1YCLW5CsA==",
      "requires": {
        "cross-fetch": "^3.1.5",
        "web3-errors": "^1.0.1",
        "web3-types": "^1.0.1",
        "web3-utils": "^4.0.2"
      }
    },
    "web3-providers-ipc": {
      "version": "4.0.2",
      "resolved": "https://registry.npmjs.org/web3-providers-ipc/-/web3-providers-ipc-4.0.2.tgz",
      "integrity": "sha512-rALRkeNYCB4/Un5sVgYeuC3Yox0sDYaRd/m/CigXC3yf3jl73zvvjTV5FdWPNOVQjxj8ikdvcBeCAcEVCkX/kg==",
      "optional": true,
      "requires": {
        "web3-errors": "^1.0.1",
        "web3-types": "^1.0.1",
        "web3-utils": "^4.0.2"
      }
    },
    "web3-providers-ws": {
      "version": "4.0.2",
      "resolved": "https://registry.npmjs.org/web3-providers-ws/-/web3-providers-ws-4.0.2.tgz",
      "integrity": "sha512-3yxluPnDfT9A8V6frLRgd3fIAhbw42LQa7p7lmZCYVxwt2E5ZmXZsQl1YcqvBlKhqazSqMI4caAE5VEdvlJK0w==",
      "requires": {
        "@types/ws": "^8.5.3",
        "isomorphic-ws": "^5.0.0",
        "web3-errors": "^1.0.1",
        "web3-types": "^1.0.1",
        "web3-utils": "^4.0.2",
        "ws": "^8.8.1"
      }
    },
    "web3-rpc-methods": {
      "version": "1.0.1",
      "resolved": "https://registry.npmjs.org/web3-rpc-methods/-/web3-rpc-methods-1.0.1.tgz",
      "integrity": "sha512-uuSoW/KToegkpQ4UgYyDaX2ITeNZL/OyrLStRVAa6Y1GbRt26QADvr6cDHWMAA92DoY7MaJ0ZgIUoGDBq5wdgw==",
      "requires": {
        "web3-core": "^4.0.2",
        "web3-types": "^1.0.1",
        "web3-validator": "^1.0.1"
      }
    },
    "web3-types": {
      "version": "1.0.1",
      "resolved": "https://registry.npmjs.org/web3-types/-/web3-types-1.0.1.tgz",
      "integrity": "sha512-sFq4OPrpt9TBbxxQQuDiFBHjoMa5SADauB16IxoRl1FVLU41gCcNp+QYi8oo2AtYh32suKH+snm2feIDwgo8cw=="
    },
    "web3-utils": {
      "version": "4.2.2",
      "resolved": "https://registry.npmjs.org/web3-utils/-/web3-utils-4.2.2.tgz",
      "integrity": "sha512-z+4owWcnoB4EH8yWIL1FBeyqe+sXwaGxUDtVTNPTMf2oB5C+paCToZUdCV5Bi+M543zZEzlzNTabOD+OWNc7NA==",
      "requires": {
        "ethereum-cryptography": "^2.0.0",
        "eventemitter3": "^5.0.1",
        "web3-errors": "^1.1.4",
        "web3-types": "^1.5.0",
        "web3-validator": "^2.0.5"
      },
      "dependencies": {
        "web3-errors": {
          "version": "1.1.4",
          "resolved": "https://registry.npmjs.org/web3-errors/-/web3-errors-1.1.4.tgz",
          "integrity": "sha512-WahtszSqILez+83AxGecVroyZsMuuRT+KmQp4Si5P4Rnqbczno1k748PCrZTS1J4UCPmXMG2/Vt+0Bz2zwXkwQ==",
          "requires": {
            "web3-types": "^1.3.1"
          }
        },
        "web3-types": {
          "version": "1.5.0",
          "resolved": "https://registry.npmjs.org/web3-types/-/web3-types-1.5.0.tgz",
          "integrity": "sha512-geWuMIeegQ8AedKAO6wO4G4j1gyQ1F/AyKLMw2vud4bsfZayyzWJgCMDZtjYMm5uo2a7i8j1W3/4QFmzlSy5cw=="
        },
        "web3-validator": {
          "version": "2.0.5",
          "resolved": "https://registry.npmjs.org/web3-validator/-/web3-validator-2.0.5.tgz",
          "integrity": "sha512-2gLOSW8XqEN5pw5jVUm20EB7A8SbQiekpAtiI0JBmCIV0a2rp97v8FgWY5E3UEqnw5WFfEqvcDVW92EyynDTyQ==",
          "requires": {
            "ethereum-cryptography": "^2.0.0",
            "util": "^0.12.5",
            "web3-errors": "^1.1.4",
            "web3-types": "^1.5.0",
            "zod": "^3.21.4"
          }
        }
      }
    },
    "web3-validator": {
      "version": "1.0.1",
      "resolved": "https://registry.npmjs.org/web3-validator/-/web3-validator-1.0.1.tgz",
      "integrity": "sha512-hsT8hFhYia5tlTIf08TDjBYjJ2sgUoh9WehpNrYB8UIaFA0QB7mv06fASXU3ukjiKF9V8MeDZnJPit6JRmQj6A==",
      "requires": {
        "ethereum-cryptography": "^2.0.0",
        "is-my-json-valid": "^2.20.6",
        "util": "^0.12.5",
        "web3-errors": "^1.0.1",
        "web3-types": "^1.0.1"
      }
    },
    "webidl-conversions": {
      "version": "3.0.1",
      "resolved": "https://registry.npmjs.org/webidl-conversions/-/webidl-conversions-3.0.1.tgz",
      "integrity": "sha512-2JAn3z8AR6rjK8Sm8orRC0h/bcl/DqL7tRPdGZ4I1CjdF+EaMLmYxBHyXuKL849eucPFhvBoxMsflfOb8kxaeQ=="
    },
    "whatwg-url": {
      "version": "5.0.0",
      "resolved": "https://registry.npmjs.org/whatwg-url/-/whatwg-url-5.0.0.tgz",
      "integrity": "sha512-saE57nupxk6v3HY35+jzBwYa0rKSy0XR8JSxZPwgLr7ys0IBzhGviA1/TUGJLmSVqs8pb9AnvICXEuOHLprYTw==",
      "requires": {
        "tr46": "~0.0.3",
        "webidl-conversions": "^3.0.0"
      }
    },
    "which-typed-array": {
      "version": "1.1.9",
      "resolved": "https://registry.npmjs.org/which-typed-array/-/which-typed-array-1.1.9.tgz",
      "integrity": "sha512-w9c4xkx6mPidwp7180ckYWfMmvxpjlZuIudNtDf4N/tTAUB8VJbX25qZoAsrtGuYNnGw3pa0AXgbGKRB8/EceA==",
      "requires": {
        "available-typed-arrays": "^1.0.5",
        "call-bind": "^1.0.2",
        "for-each": "^0.3.3",
        "gopd": "^1.0.1",
        "has-tostringtag": "^1.0.0",
        "is-typed-array": "^1.1.10"
      }
    },
    "ws": {
      "version": "8.13.0",
      "resolved": "https://registry.npmjs.org/ws/-/ws-8.13.0.tgz",
      "integrity": "sha512-x9vcZYTrFPC7aSIbj7sRCYo7L/Xb8Iy+pW0ng0wt2vCJv7M9HOMy0UoN3rr+IFC7hb7vXoqS+P9ktyLLLhO+LA=="
    },
    "xtend": {
      "version": "4.0.2",
      "resolved": "https://registry.npmjs.org/xtend/-/xtend-4.0.2.tgz",
      "integrity": "sha512-LKYU1iAXJXUgAXn9URjiu+MWhyUXHsvfp7mcuYm9dSUKK0/CjtrUwFAxD82/mCWbtLsGjFIad0wIsod4zrTAEQ=="
    },
    "zod": {
      "version": "3.22.4",
      "resolved": "https://registry.npmjs.org/zod/-/zod-3.22.4.tgz",
      "integrity": "sha512-iC+8Io04lddc+mVqQ9AZ7OQ2MrUKGN+oIQyq1vemgt46jwCwLfhq7/pwnBnNXXXZb8VTVLKwp9EDkx+ryxIWmg=="
    }
  }
}
